
Microsoft Visual Studio Solution File, Format Version 11.00
# Visual Studio 2010
Project("{FAE04EC0-301F-11D3-BF4B-00C04F79EFBC}") = "DBSS", "DBSS\DBSS.csproj", "{352A2D3E-0A1E-41F6-8C1F-CAAD9F6313B4}"
EndProject
Global
	GlobalSection(SolutionConfigurationPlatforms) = preSolution
		Debug|Any CPU = Debug|Any CPU
		Release|Any CPU = Release|Any CPU
	EndGlobalSection
	GlobalSection(ProjectConfigurationPlatforms) = postSolution
		{352A2D3E-0A1E-41F6-8C1F-CAAD9F6313B4}.Debug|Any CPU.ActiveCfg = Debug|Any CPU
		{352A2D3E-0A1E-41F6-8C1F-CAAD9F6313B4}.Debug|Any CPU.Build.0 = Debug|Any CPU
		{352A2D3E-0A1E-41F6-8C1F-CAAD9F6313B4}.Release|Any CPU.ActiveCfg = Release|Any CPU
		{352A2D3E-0A1E-41F6-8C1F-CAAD9F6313B4}.Release|Any CPU.Build.0 = Release|Any CPU
	EndGlobalSection
	GlobalSection(SolutionProperties) = preSolution
		HideSolutionNode = FALSE
	EndGlobalSection
EndGlobal
